{
  "name": "Overview",
  "version": "1.0.0",
  "lockfileVersion": 2,
  "requires": true,
  "packages": {
    "": {
      "version": "1.0.0",
      "license": "ISC",
      "dependencies": {
        "themify-icons": "^1.0.0"
      }
    },
    "node_modules/themify-icons": {
      "version": "1.0.0",
      "resolved": "https://registry.npmjs.org/themify-icons/-/themify-icons-1.0.0.tgz",
      "integrity": "sha1-IW8zDtG5w/3I5nVlXhiaC37LHFw="
    }
  },
  "dependencies": {
    "themify-icons": {
      "version": "1.0.0",
      "resolved": "https://registry.npmjs.org/themify-icons/-/themify-icons-1.0.0.tgz",
      "integrity": "sha1-IW8zDtG5w/3I5nVlXhiaC37LHFw="
    }
  }
}
